
Microsoft Visual Studio Solution File, Format Version 12.00
# Visual Studio Version 16
VisualStudioVersion = 16.0.30907.101
MinimumVisualStudioVersion = 10.0.40219.1
Project("{FAE04EC0-301F-11D3-BF4B-00C04F79EFBC}") = "ImageViewerApp", "ImageViewerApp.csproj", "{4AECE345-C4E5-41AF-A3B5-7786E24C0361}"
EndProject
Global
	GlobalSection(SolutionConfigurationPlatforms) = preSolution
		Debug|Any CPU = Debug|Any CPU
		Release|Any CPU = Release|Any CPU
	EndGlobalSection
	GlobalSection(ProjectConfigurationPlatforms) = postSolution
		{4AECE345-C4E5-41AF-A3B5-7786E24C0361}.Debug|Any CPU.ActiveCfg = Debug|Any CPU
		{4AECE345-C4E5-41AF-A3B5-7786E24C0361}.Debug|Any CPU.Build.0 = Debug|Any CPU
		{4AECE345-C4E5-41AF-A3B5-7786E24C0361}.Release|Any CPU.ActiveCfg = Release|Any CPU
		{4AECE345-C4E5-41AF-A3B5-7786E24C0361}.Release|Any CPU.Build.0 = Release|Any CPU
	EndGlobalSection
	GlobalSection(SolutionProperties) = preSolution
		HideSolutionNode = FALSE
	EndGlobalSection
	GlobalSection(ExtensibilityGlobals) = postSolution
		SolutionGuid = {AFA4FA91-F055-4641-83B2-F0D9126074A6}
	EndGlobalSection
EndGlobal
